// !$*UTF8*$!
{
	archiveVersion = 1;
	classes = {
	};
	objectVersion = 77;
	objects = {

/* Begin PBXBuildFile section */
		7CC4B7D72FB2A350009840AC /* DriverKit.framework in Frameworks */ = {isa = PBXBuildFile; fileRef = 7CC4B7D62FB2A350009840AC /* DriverKit.framework */; };
/* End PBXBuildFile section */

/* Begin PBXFileReference section */
		7CC4B7D32FB2A350009840AC /* com.luismo.VoiceMiddleDriver.dext */ = {isa = PBXFileReference; explicitFileType = "wrapper.driver-extension"; includeInIndex = 0; path = com.luismo.VoiceMiddleDriver.dext; sourceTree = BUILT_PRODUCTS_DIR; };
		7CC4B7D62FB2A350009840AC /* DriverKit.framework */ = {isa = PBXFileReference; lastKnownFileType = wrapper.framework; name = DriverKit.framework; path = Library/Frameworks/DriverKit.framework; sourceTree = DEVELOPER_DIR; };
/* End PBXFileReference section */

/* Begin PBXFileSystemSynchronizedBuildFileExceptionSet section */
		7CC4B7DE2FB2A350009840AC /* Exceptions for "VoiceMiddleDriver" folder in "VoiceMiddleDriver" target */ = {
			isa = PBXFileSystemSynchronizedBuildFileExceptionSet;
			membershipExceptions = (
				Info.plist,
			);
			target = 7CC4B7D22FB2A350009840AC /* VoiceMiddleDriver */;
		};
/* End PBXFileSystemSynchronizedBuildFileExceptionSet section */

/* Begin PBXFileSystemSynchronizedRootGroup section */
		7CC4B7D82FB2A350009840AC /* VoiceMiddleDriver */ = {
			isa = PBXFileSystemSynchronizedRootGroup;
			exceptions = (
				7CC4B7DE2FB2A350009840AC /* Exceptions for "VoiceMiddleDriver" folder in "VoiceMiddleDriver" target */,
			);
			path = VoiceMiddleDriver;
			sourceTree = "<group>";
		};
/* End PBXFileSystemSynchronizedRootGroup section */

/* Begin PBXFrameworksBuildPhase section */
		7CC4B7D02FB2A350009840AC /* Frameworks */ = {
			isa = PBXFrameworksBuildPhase;
			buildActionMask = 2147483647;
			files = (
				7CC4B7D72FB2A350009840AC /* DriverKit.framework in Frameworks */,
			);
			runOnlyForDeploymentPostprocessing = 0;
		};
/* End PBXFrameworksBuildPhase section */

/* Begin PBXGroup section */
		7CC4B7C92FB2A350009840AC = {
			isa = PBXGroup;
			children = (
				7CC4B7D82FB2A350009840AC /* VoiceMiddleDriver */,
				7CC4B7D52FB2A350009840AC /* Frameworks */,
				7CC4B7D42FB2A350009840AC /* Products */,
			);
			sourceTree = "<group>";
		};
		7CC4B7D42FB2A350009840AC /* Products */ = {
			isa = PBXGroup;
			children = (
				7CC4B7D32FB2A350009840AC /* com.luismo.VoiceMiddleDriver.dext */,
			);
			name = Products;
			sourceTree = "<group>";
		};
		7CC4B7D52FB2A350009840AC /* Frameworks */ = {
			isa = PBXGroup;
			children = (
				7CC4B7D62FB2A350009840AC /* DriverKit.framework */,
			);
			name = Frameworks;
			sourceTree = "<group>";
		};
/* End PBXGroup section */

/* Begin PBXHeadersBuildPhase section */
		7CC4B7CE2FB2A350009840AC /* Headers */ = {
			isa = PBXHeadersBuildPhase;
			buildActionMask = 2147483647;
			files = (
			);
			runOnlyForDeploymentPostprocessing = 0;
		};
/* End PBXHeadersBuildPhase section */

/* Begin PBXNativeTarget section */
		7CC4B7D22FB2A350009840AC /* VoiceMiddleDriver */ = {
			isa = PBXNativeTarget;
			buildConfigurationList = 7CC4B7DF2FB2A350009840AC /* Build configuration list for PBXNativeTarget "VoiceMiddleDriver" */;
			buildPhases = (
				7CC4B7CE2FB2A350009840AC /* Headers */,
				7CC4B7CF2FB2A350009840AC /* Sources */,
				7CC4B7D02FB2A350009840AC /* Frameworks */,
				7CC4B7D12FB2A350009840AC /* Resources */,
			);
			buildRules = (
			);
			dependencies = (
			);
			fileSystemSynchronizedGroups = (
				7CC4B7D82FB2A350009840AC /* VoiceMiddleDriver */,
			);
			name = VoiceMiddleDriver;
			packageProductDependencies = (
			);
			productName = VoiceMiddleDriver;
			productReference = 7CC4B7D32FB2A350009840AC /* com.luismo.VoiceMiddleDriver.dext */;
			productType = "com.apple.product-type.driver-extension";
		};
/* End PBXNativeTarget section */

/* Begin PBXProject section */
		7CC4B7CA2FB2A350009840AC /* Project object */ = {
			isa = PBXProject;
			attributes = {
				BuildIndependentTargetsInParallel = 1;
				LastUpgradeCheck = 2650;
				TargetAttributes = {
					7CC4B7D22FB2A350009840AC = {
						CreatedOnToolsVersion = 26.5;
					};
				};
			};
			buildConfigurationList = 7CC4B7CD2FB2A350009840AC /* Build configuration list for PBXProject "VoiceMiddleDriver" */;
			developmentRegion = en;
			hasScannedForEncodings = 0;
			knownRegions = (
				en,
				Base,
			);
			mainGroup = 7CC4B7C92FB2A350009840AC;
			minimizedProjectReferenceProxies = 1;
			preferredProjectObjectVersion = 77;
			productRefGroup = 7CC4B7D42FB2A350009840AC /* Products */;
			projectDirPath = "";
			projectRoot = "";
			targets = (
				7CC4B7D22FB2A350009840AC /* VoiceMiddleDriver */,
			);
		};
/* End PBXProject section */

/* Begin PBXResourcesBuildPhase section */
		7CC4B7D12FB2A350009840AC /* Resources */ = {
			isa = PBXResourcesBuildPhase;
			buildActionMask = 2147483647;
			files = (
			);
			runOnlyForDeploymentPostprocessing = 0;
		};
/* End PBXResourcesBuildPhase section */

/* Begin PBXSourcesBuildPhase section */
		7CC4B7CF2FB2A350009840AC /* Sources */ = {
			isa = PBXSourcesBuildPhase;
			buildActionMask = 2147483647;
			files = (
			);
			runOnlyForDeploymentPostprocessing = 0;
		};
/* End PBXSourcesBuildPhase section */

/* Begin XCBuildConfiguration section */
		7CC4B7E02FB2A350009840AC /* Debug */ = {
			isa = XCBuildConfiguration;
			buildSettings = {
				CODE_SIGN_IDENTITY = "-";
				CODE_SIGN_STYLE = Manual;
				CODE_SIGNING_REQUIRED = NO;
				CODE_SIGNING_ALLOWED = NO;
				CURRENT_PROJECT_VERSION = 1;
				DRIVERKIT_DEPLOYMENT_TARGET = 23.6;
				GENERATE_INFOPLIST_FILE = YES;
				INFOPLIST_FILE = VoiceMiddleDriver/Info.plist;
				MARKETING_VERSION = 1.0;
				PRODUCT_BUNDLE_IDENTIFIER = com.luismo.VoiceMiddleDriver;
				PRODUCT_NAME = "$(inherited)";
				RUN_CLANG_STATIC_ANALYZER = YES;
				SKIP_INSTALL = YES;
				STRING_CATALOG_GENERATE_SYMBOLS = YES;
				SWIFT_EMIT_LOC_STRINGS = YES;
			};
			name = Debug;
		};
		7CC4B7E12FB2A350009840AC /* Release */ = {
			isa = XCBuildConfiguration;
			buildSettings = {
				CODE_SIGN_IDENTITY = "-";
				CODE_SIGN_STYLE = Manual;
				CODE_SIGNING_REQUIRED = NO;
				CODE_SIGNING_ALLOWED = NO;
				CURRENT_PROJECT_VERSION = 1;
				DRIVERKIT_DEPLOYMENT_TARGET = 23.6;
				GENERATE_INFOPLIST_FILE = YES;
				INFOPLIST_FILE = VoiceMiddleDriver/Info.plist;
				MARKETING_VERSION = 1.0;
				PRODUCT_BUNDLE_IDENTIFIER = com.luismo.VoiceMiddleDriver;
				PRODUCT_NAME = "$(inherited)";
				RUN_CLANG_STATIC_ANALYZER = YES;
				SKIP_INSTALL = YES;
				STRING_CATALOG_GENERATE_SYMBOLS = YES;
				SWIFT_EMIT_LOC_STRINGS = YES;
			};
			name = Release;
		};
		7CC4B7E22FB2A350009840AC /* Debug */ = {
			isa = XCBuildConfiguration;
			buildSettings = {
				ALWAYS_SEARCH_USER_PATHS = NO;
				ASSETCATALOG_COMPILER_GENERATE_SWIFT_ASSET_SYMBOL_EXTENSIONS = YES;
				CLANG_ANALYZER_NONNULL = YES;
				CLANG_ANALYZER_NUMBER_OBJECT_CONVERSION = YES_AGGRESSIVE;
				CLANG_CXX_LANGUAGE_STANDARD = "gnu++20";
				CLANG_ENABLE_MODULES = YES;
				CLANG_ENABLE_OBJC_ARC = YES;
				CLANG_ENABLE_OBJC_WEAK = YES;
				CLANG_WARN_BLOCK_CAPTURE_AUTORELEASING = YES;
				CLANG_WARN_BOOL_CONVERSION = YES;
				CLANG_WARN_COMMA = YES;
				CLANG_WARN_CONSTANT_CONVERSION = YES;
				CLANG_WARN_DEPRECATED_OBJC_IMPLEMENTATIONS = YES;
				CLANG_WARN_DIRECT_OBJC_ISA_USAGE = YES_ERROR;
				CLANG_WARN_DOCUMENTATION_COMMENTS = YES;
				CLANG_WARN_EMPTY_BODY = YES;
				CLANG_WARN_ENUM_CONVERSION = YES;
				CLANG_WARN_INFINITE_RECURSION = YES;
				CLANG_WARN_INT_CONVERSION = YES;
				CLANG_WARN_NON_LITERAL_NULL_CONVERSION = YES;
				CLANG_WARN_OBJC_IMPLICIT_RETAIN_SELF = YES;
				CLANG_WARN_OBJC_LITERAL_CONVERSION = YES;
				CLANG_WARN_OBJC_ROOT_CLASS = YES_ERROR;
				CLANG_WARN_QUOTED_INCLUDE_IN_FRAMEWORK_HEADER = YES;
				CLANG_WARN_RANGE_LOOP_ANALYSIS = YES;
				CLANG_WARN_STRICT_PROTOTYPES = YES;
				CLANG_WARN_SUSPICIOUS_MOVE = YES;
				CLANG_WARN_UNGUARDED_AVAILABILITY = YES_AGGRESSIVE;
				CLANG_WARN_UNREACHABLE_CODE = YES;
				CLANG_WARN__DUPLICATE_METHOD_MATCH = YES;
				COPY_PHASE_STRIP = NO;
				DEBUG_INFORMATION_FORMAT = dwarf;
				DRIVERKIT_DEPLOYMENT_TARGET = 25.5;
				ENABLE_STRICT_OBJC_MSGSEND = YES;
				ENABLE_TESTABILITY = YES;
				ENABLE_USER_SCRIPT_SANDBOXING = YES;
				GCC_C_LANGUAGE_STANDARD = gnu17;
				GCC_DYNAMIC_NO_PIC = NO;
				GCC_NO_COMMON_BLOCKS = YES;
				GCC_OPTIMIZATION_LEVEL = 0;
				GCC_PREPROCESSOR_DEFINITIONS = (
					"DEBUG=1",
					"$(inherited)",
				);
				GCC_WARN_64_TO_32_BIT_CONVERSION = YES;
				GCC_WARN_ABOUT_RETURN_TYPE = YES_ERROR;
				GCC_WARN_UNDECLARED_SELECTOR = YES;
				GCC_WARN_UNINITIALIZED_AUTOS = YES_AGGRESSIVE;
				GCC_WARN_UNUSED_FUNCTION = YES;
				GCC_WARN_UNUSED_VARIABLE = YES;
				LOCALIZATION_PREFERS_STRING_CATALOGS = YES;
				MTL_ENABLE_DEBUG_INFO = INCLUDE_SOURCE;
				MTL_FAST_MATH = YES;
				ONLY_ACTIVE_ARCH = YES;
				SDKROOT = driverkit;
			};
			name = Debug;
		};
		7CC4B7E32FB2A350009840AC /* Release */ = {
			isa = XCBuildConfiguration;
			buildSettings = {
				ALWAYS_SEARCH_USER_PATHS = NO;
				ASSETCATALOG_COMPILER_GENERATE_SWIFT_ASSET_SYMBOL_EXTENSIONS = YES;
				CLANG_ANALYZER_NONNULL = YES;
				CLANG_ANALYZER_NUMBER_OBJECT_CONVERSION = YES_AGGRESSIVE;
				CLANG_CXX_LANGUAGE_STANDARD = "gnu++20";
				CLANG_ENABLE_MODULES = YES;
				CLANG_ENABLE_OBJC_ARC = YES;
				CLANG_ENABLE_OBJC_WEAK = YES;
				CLANG_WARN_BLOCK_CAPTURE_AUTORELEASING = YES;
				CLANG_WARN_BOOL_CONVERSION = YES;
				CLANG_WARN_COMMA = YES;
				CLANG_WARN_CONSTANT_CONVERSION = YES;
				CLANG_WARN_DEPRECATED_OBJC_IMPLEMENTATIONS = YES;
				CLANG_WARN_DIRECT_OBJC_ISA_USAGE = YES_ERROR;
				CLANG_WARN_DOCUMENTATION_COMMENTS = YES;
				CLANG_WARN_EMPTY_BODY = YES;
				CLANG_WARN_ENUM_CONVERSION = YES;
				CLANG_WARN_INFINITE_RECURSION = YES;
				CLANG_WARN_INT_CONVERSION = YES;
				CLANG_WARN_NON_LITERAL_NULL_CONVERSION = YES;
				CLANG_WARN_OBJC_IMPLICIT_RETAIN_SELF = YES;
				CLANG_WARN_OBJC_LITERAL_CONVERSION = YES;
				CLANG_WARN_OBJC_ROOT_CLASS = YES_ERROR;
				CLANG_WARN_QUOTED_INCLUDE_IN_FRAMEWORK_HEADER = YES;
				CLANG_WARN_RANGE_LOOP_ANALYSIS = YES;
				CLANG_WARN_STRICT_PROTOTYPES = YES;
				CLANG_WARN_SUSPICIOUS_MOVE = YES;
				CLANG_WARN_UNGUARDED_AVAILABILITY = YES_AGGRESSIVE;
				CLANG_WARN_UNREACHABLE_CODE = YES;
				CLANG_WARN__DUPLICATE_METHOD_MATCH = YES;
				COPY_PHASE_STRIP = NO;
				DEBUG_INFORMATION_FORMAT = "dwarf-with-dsym";
				DRIVERKIT_DEPLOYMENT_TARGET = 25.5;
				ENABLE_NS_ASSERTIONS = NO;
				ENABLE_STRICT_OBJC_MSGSEND = YES;
				ENABLE_USER_SCRIPT_SANDBOXING = YES;
				GCC_C_LANGUAGE_STANDARD = gnu17;
				GCC_NO_COMMON_BLOCKS = YES;
				GCC_WARN_64_TO_32_BIT_CONVERSION = YES;
				GCC_WARN_ABOUT_RETURN_TYPE = YES_ERROR;
				GCC_WARN_UNDECLARED_SELECTOR = YES;
				GCC_WARN_UNINITIALIZED_AUTOS = YES_AGGRESSIVE;
				GCC_WARN_UNUSED_FUNCTION = YES;
				GCC_WARN_UNUSED_VARIABLE = YES;
				LOCALIZATION_PREFERS_STRING_CATALOGS = YES;
				MTL_ENABLE_DEBUG_INFO = NO;
				MTL_FAST_MATH = YES;
				SDKROOT = driverkit;
			};
			name = Release;
		};
/* End XCBuildConfiguration section */

/* Begin XCConfigurationList section */
		7CC4B7CD2FB2A350009840AC /* Build configuration list for PBXProject "VoiceMiddleDriver" */ = {
			isa = XCConfigurationList;
			buildConfigurations = (
				7CC4B7E22FB2A350009840AC /* Debug */,
				7CC4B7E32FB2A350009840AC /* Release */,
			);
			defaultConfigurationIsVisible = 0;
			defaultConfigurationName = Release;
		};
		7CC4B7DF2FB2A350009840AC /* Build configuration list for PBXNativeTarget "VoiceMiddleDriver" */ = {
			isa = XCConfigurationList;
			buildConfigurations = (
				7CC4B7E02FB2A350009840AC /* Debug */,
				7CC4B7E12FB2A350009840AC /* Release */,
			);
			defaultConfigurationIsVisible = 0;
			defaultConfigurationName = Release;
		};
/* End XCConfigurationList section */
	};
	rootObject = 7CC4B7CA2FB2A350009840AC /* Project object */;
}
